
Microsoft Visual Studio Solution File, Format Version 11.00
# Visual Studio 2010
Project("{FAE04EC0-301F-11D3-BF4B-00C04F79EFBC}") = "WipperSnapper", "WipperSnapper\WipperSnapper.csproj", "{28DED6F2-83E8-47D9-9067-E8E9E420EFC2}"
EndProject
Global
	GlobalSection(SolutionConfigurationPlatforms) = preSolution
		Debug|Any CPU = Debug|Any CPU
		Release|Any CPU = Release|Any CPU
	EndGlobalSection
	GlobalSection(ProjectConfigurationPlatforms) = postSolution
		{28DED6F2-83E8-47D9-9067-E8E9E420EFC2}.Debug|Any CPU.ActiveCfg = Debug|Any CPU
		{28DED6F2-83E8-47D9-9067-E8E9E420EFC2}.Debug|Any CPU.Build.0 = Debug|Any CPU
		{28DED6F2-83E8-47D9-9067-E8E9E420EFC2}.Release|Any CPU.ActiveCfg = Release|Any CPU
		{28DED6F2-83E8-47D9-9067-E8E9E420EFC2}.Release|Any CPU.Build.0 = Release|Any CPU
	EndGlobalSection
	GlobalSection(SolutionProperties) = preSolution
		HideSolutionNode = FALSE
	EndGlobalSection
EndGlobal
